
Microsoft Visual Studio Solution File, Format Version 12.00
# Visual Studio Version 17
VisualStudioVersion = 17.1.32414.318
MinimumVisualStudioVersion = 10.0.40219.1
Project("{9A19103F-16F7-4668-BE54-9A1E7A4F7556}") = "CSharpMasterclass", "CSharpMasterclass\CSharpMasterclass.csproj", "{652B11CA-D257-4C31-8FEB-B5543FD376C5}"
EndProject
Project("{9A19103F-16F7-4668-BE54-9A1E7A4F7556}") = "MasterclassLibrary", "MasterclassClassLibrary\MasterclassLibrary.csproj", "{742EC788-7CA3-45A0-A98B-6639069086E5}"
EndProject
Project("{9A19103F-16F7-4668-BE54-9A1E7A4F7556}") = "TicTacToe", "TicTacToe\TicTacToe.csproj", "{3B8AA957-BE6E-48F2-9035-8ED6D0005D6F}"
EndProject
Project("{9A19103F-16F7-4668-BE54-9A1E7A4F7556}") = "ParsingGame", "ParsingGame\ParsingGame.csproj", "{3E78F5F0-6A08-4F5D-8E76-46AC7B5D73F9}"
EndProject
Project("{FAE04EC0-301F-11D3-BF4B-00C04F79EFBC}") = "ZooManager", "WPF ZooManager\ZooManager.csproj", "{CFB94FBC-BCAE-46A3-B255-19621B3CAB4B}"
EndProject
Project("{FAE04EC0-301F-11D3-BF4B-00C04F79EFBC}") = "LINQToObjectsAndQueryOperators", "D:\Dev\Udemy\Complete C# Masterclass\Section 15 - LINQ\1204+-+LINQToObjectsAndQueryOperators\LINQToObjectsAndQueryOperators\LINQToObjectsAndQueryOperators\LINQToObjectsAndQueryOperators.csproj", "{7B4544C3-AE91-4FDD-A879-4B0F892B0BE5}"
EndProject
Project("{FAE04EC0-301F-11D3-BF4B-00C04F79EFBC}") = "LinqWithXML", "D:\Dev\Udemy\Complete C# Masterclass\Section 15 - LINQ\1205+-+LinqWithXML\LinqWithXML\LinqWithXML\LinqWithXML.csproj", "{BAE5B1C2-81FB-479D-A006-E5864DEE6574}"
EndProject
Project("{FAE04EC0-301F-11D3-BF4B-00C04F79EFBC}") = "LinqToSQL", "D:\Dev\Udemy\Complete C# Masterclass\Section 15 - LINQ\1210+-+LinqToSQL\LinqToSQL\LinqToSQL\LinqToSQL.csproj", "{90FCCF74-1140-42F6-B34E-EC1237041D42}"
EndProject
Project("{9A19103F-16F7-4668-BE54-9A1E7A4F7556}") = "Threads", "Threads\Threads.csproj", "{F6A47A91-CFB3-407C-89E7-64A02CBBF538}"
EndProject
Project("{FAE04EC0-301F-11D3-BF4B-00C04F79EFBC}") = "WPFThreadsAndTasks", "WPFThreadsAndTasks\WPFThreadsAndTasks.csproj", "{E450B083-1C4A-4A00-9071-4CD978F1C62F}"
EndProject
Global
	GlobalSection(SolutionConfigurationPlatforms) = preSolution
		Debug|Any CPU = Debug|Any CPU
		Release|Any CPU = Release|Any CPU
	EndGlobalSection
	GlobalSection(ProjectConfigurationPlatforms) = postSolution
		{652B11CA-D257-4C31-8FEB-B5543FD376C5}.Debug|Any CPU.ActiveCfg = Debug|Any CPU
		{652B11CA-D257-4C31-8FEB-B5543FD376C5}.Debug|Any CPU.Build.0 = Debug|Any CPU
		{652B11CA-D257-4C31-8FEB-B5543FD376C5}.Release|Any CPU.ActiveCfg = Release|Any CPU
		{652B11CA-D257-4C31-8FEB-B5543FD376C5}.Release|Any CPU.Build.0 = Release|Any CPU
		{742EC788-7CA3-45A0-A98B-6639069086E5}.Debug|Any CPU.ActiveCfg = Debug|Any CPU
		{742EC788-7CA3-45A0-A98B-6639069086E5}.Debug|Any CPU.Build.0 = Debug|Any CPU
		{742EC788-7CA3-45A0-A98B-6639069086E5}.Release|Any CPU.ActiveCfg = Release|Any CPU
		{742EC788-7CA3-45A0-A98B-6639069086E5}.Release|Any CPU.Build.0 = Release|Any CPU
		{3B8AA957-BE6E-48F2-9035-8ED6D0005D6F}.Debug|Any CPU.ActiveCfg = Debug|Any CPU
		{3B8AA957-BE6E-48F2-9035-8ED6D0005D6F}.Debug|Any CPU.Build.0 = Debug|Any CPU
		{3B8AA957-BE6E-48F2-9035-8ED6D0005D6F}.Release|Any CPU.ActiveCfg = Release|Any CPU
		{3B8AA957-BE6E-48F2-9035-8ED6D0005D6F}.Release|Any CPU.Build.0 = Release|Any CPU
		{3E78F5F0-6A08-4F5D-8E76-46AC7B5D73F9}.Debug|Any CPU.ActiveCfg = Debug|Any CPU
		{3E78F5F0-6A08-4F5D-8E76-46AC7B5D73F9}.Debug|Any CPU.Build.0 = Debug|Any CPU
		{3E78F5F0-6A08-4F5D-8E76-46AC7B5D73F9}.Release|Any CPU.ActiveCfg = Release|Any CPU
		{3E78F5F0-6A08-4F5D-8E76-46AC7B5D73F9}.Release|Any CPU.Build.0 = Release|Any CPU
		{CFB94FBC-BCAE-46A3-B255-19621B3CAB4B}.Debug|Any CPU.ActiveCfg = Debug|Any CPU
		{CFB94FBC-BCAE-46A3-B255-19621B3CAB4B}.Debug|Any CPU.Build.0 = Debug|Any CPU
		{CFB94FBC-BCAE-46A3-B255-19621B3CAB4B}.Release|Any CPU.ActiveCfg = Release|Any CPU
		{CFB94FBC-BCAE-46A3-B255-19621B3CAB4B}.Release|Any CPU.Build.0 = Release|Any CPU
		{7B4544C3-AE91-4FDD-A879-4B0F892B0BE5}.Debug|Any CPU.ActiveCfg = Debug|Any CPU
		{7B4544C3-AE91-4FDD-A879-4B0F892B0BE5}.Debug|Any CPU.Build.0 = Debug|Any CPU
		{7B4544C3-AE91-4FDD-A879-4B0F892B0BE5}.Release|Any CPU.ActiveCfg = Release|Any CPU
		{7B4544C3-AE91-4FDD-A879-4B0F892B0BE5}.Release|Any CPU.Build.0 = Release|Any CPU
		{BAE5B1C2-81FB-479D-A006-E5864DEE6574}.Debug|Any CPU.ActiveCfg = Debug|Any CPU
		{BAE5B1C2-81FB-479D-A006-E5864DEE6574}.Debug|Any CPU.Build.0 = Debug|Any CPU
		{BAE5B1C2-81FB-479D-A006-E5864DEE6574}.Release|Any CPU.ActiveCfg = Release|Any CPU
		{BAE5B1C2-81FB-479D-A006-E5864DEE6574}.Release|Any CPU.Build.0 = Release|Any CPU
		{90FCCF74-1140-42F6-B34E-EC1237041D42}.Debug|Any CPU.ActiveCfg = Debug|Any CPU
		{90FCCF74-1140-42F6-B34E-EC1237041D42}.Debug|Any CPU.Build.0 = Debug|Any CPU
		{90FCCF74-1140-42F6-B34E-EC1237041D42}.Release|Any CPU.ActiveCfg = Release|Any CPU
		{90FCCF74-1140-42F6-B34E-EC1237041D42}.Release|Any CPU.Build.0 = Release|Any CPU
		{F6A47A91-CFB3-407C-89E7-64A02CBBF538}.Debug|Any CPU.ActiveCfg = Debug|Any CPU
		{F6A47A91-CFB3-407C-89E7-64A02CBBF538}.Debug|Any CPU.Build.0 = Debug|Any CPU
		{F6A47A91-CFB3-407C-89E7-64A02CBBF538}.Release|Any CPU.ActiveCfg = Release|Any CPU
		{F6A47A91-CFB3-407C-89E7-64A02CBBF538}.Release|Any CPU.Build.0 = Release|Any CPU
		{E450B083-1C4A-4A00-9071-4CD978F1C62F}.Debug|Any CPU.ActiveCfg = Debug|Any CPU
		{E450B083-1C4A-4A00-9071-4CD978F1C62F}.Debug|Any CPU.Build.0 = Debug|Any CPU
		{E450B083-1C4A-4A00-9071-4CD978F1C62F}.Release|Any CPU.ActiveCfg = Release|Any CPU
		{E450B083-1C4A-4A00-9071-4CD978F1C62F}.Release|Any CPU.Build.0 = Release|Any CPU
	EndGlobalSection
	GlobalSection(SolutionProperties) = preSolution
		HideSolutionNode = FALSE
	EndGlobalSection
	GlobalSection(ExtensibilityGlobals) = postSolution
		SolutionGuid = {FE78C671-10A2-43A7-B523-0B1BC9849CF0}
	EndGlobalSection
EndGlobal
